
Microsoft Visual Studio Solution File, Format Version 12.00
# Visual Studio 15
VisualStudioVersion = 15.0.27130.2024
MinimumVisualStudioVersion = 10.0.40219.1
Project("{9A19103F-16F7-4668-BE54-9A1E7A4F7556}") = "ESTestDeveloper", "ESTestDeveloper\ESTestDeveloper.csproj", "{4DAE4558-167D-4182-A8A0-C2C45A131C94}"
EndProject
Project("{FAE04EC0-301F-11D3-BF4B-00C04F79EFBC}") = "ESTestDeveloper.Tests", "ESTestDeveloper.Tests\ESTestDeveloper.Tests.csproj", "{BC4121A3-4EE0-494C-ABDF-6A605C2C2393}"
EndProject
Global
	GlobalSection(SolutionConfigurationPlatforms) = preSolution
		Debug|Any CPU = Debug|Any CPU
		Release|Any CPU = Release|Any CPU
	EndGlobalSection
	GlobalSection(ProjectConfigurationPlatforms) = postSolution
		{4DAE4558-167D-4182-A8A0-C2C45A131C94}.Debug|Any CPU.ActiveCfg = Debug|Any CPU
		{4DAE4558-167D-4182-A8A0-C2C45A131C94}.Debug|Any CPU.Build.0 = Debug|Any CPU
		{4DAE4558-167D-4182-A8A0-C2C45A131C94}.Release|Any CPU.ActiveCfg = Release|Any CPU
		{4DAE4558-167D-4182-A8A0-C2C45A131C94}.Release|Any CPU.Build.0 = Release|Any CPU
		{BC4121A3-4EE0-494C-ABDF-6A605C2C2393}.Debug|Any CPU.ActiveCfg = Debug|Any CPU
		{BC4121A3-4EE0-494C-ABDF-6A605C2C2393}.Debug|Any CPU.Build.0 = Debug|Any CPU
		{BC4121A3-4EE0-494C-ABDF-6A605C2C2393}.Release|Any CPU.ActiveCfg = Release|Any CPU
		{BC4121A3-4EE0-494C-ABDF-6A605C2C2393}.Release|Any CPU.Build.0 = Release|Any CPU
	EndGlobalSection
	GlobalSection(SolutionProperties) = preSolution
		HideSolutionNode = FALSE
	EndGlobalSection
	GlobalSection(ExtensibilityGlobals) = postSolution
		SolutionGuid = {3B97CB9B-C3BE-4EF0-842E-BD42BD6CA6B4}
	EndGlobalSection
EndGlobal
